
Microsoft Visual Studio Solution File, Format Version 12.00
# Visual Studio Version 16
VisualStudioVersion = 16.0.29609.76
MinimumVisualStudioVersion = 10.0.40219.1
Project("{FAE04EC0-301F-11D3-BF4B-00C04F79EFBC}") = "ProyectoBodegav02", "ProyectoBodegav02.csproj", "{6F1CAF78-C159-4467-93F5-4AA9AC43CFBA}"
EndProject
Global
	GlobalSection(SolutionConfigurationPlatforms) = preSolution
		Debug|Any CPU = Debug|Any CPU
		Release|Any CPU = Release|Any CPU
	EndGlobalSection
	GlobalSection(ProjectConfigurationPlatforms) = postSolution
		{6F1CAF78-C159-4467-93F5-4AA9AC43CFBA}.Debug|Any CPU.ActiveCfg = Debug|Any CPU
		{6F1CAF78-C159-4467-93F5-4AA9AC43CFBA}.Debug|Any CPU.Build.0 = Debug|Any CPU
		{6F1CAF78-C159-4467-93F5-4AA9AC43CFBA}.Release|Any CPU.ActiveCfg = Release|Any CPU
		{6F1CAF78-C159-4467-93F5-4AA9AC43CFBA}.Release|Any CPU.Build.0 = Release|Any CPU
	EndGlobalSection
	GlobalSection(SolutionProperties) = preSolution
		HideSolutionNode = FALSE
	EndGlobalSection
	GlobalSection(ExtensibilityGlobals) = postSolution
		SolutionGuid = {D13BD1B4-8FD7-4F08-878D-F16608AE0DA4}
	EndGlobalSection
EndGlobal
